
Microsoft Visual Studio Solution File, Format Version 12.00
# Visual Studio Version 16
VisualStudioVersion = 16.0.31424.327
MinimumVisualStudioVersion = 10.0.40219.1
Project("{FAE04EC0-301F-11D3-BF4B-00C04F79EFBC}") = "BinanceCoin", "BinanceCoin\BinanceCoin.csproj", "{C852BD02-64D4-45FC-8A41-B991EB88ED0D}"
EndProject
Global
	GlobalSection(SolutionConfigurationPlatforms) = preSolution
		Debug|Any CPU = Debug|Any CPU
		Release|Any CPU = Release|Any CPU
	EndGlobalSection
	GlobalSection(ProjectConfigurationPlatforms) = postSolution
		{C852BD02-64D4-45FC-8A41-B991EB88ED0D}.Debug|Any CPU.ActiveCfg = Debug|Any CPU
		{C852BD02-64D4-45FC-8A41-B991EB88ED0D}.Debug|Any CPU.Build.0 = Debug|Any CPU
		{C852BD02-64D4-45FC-8A41-B991EB88ED0D}.Release|Any CPU.ActiveCfg = Release|Any CPU
		{C852BD02-64D4-45FC-8A41-B991EB88ED0D}.Release|Any CPU.Build.0 = Release|Any CPU
	EndGlobalSection
	GlobalSection(SolutionProperties) = preSolution
		HideSolutionNode = FALSE
	EndGlobalSection
	GlobalSection(ExtensibilityGlobals) = postSolution
		SolutionGuid = {85AD3DA6-DF8C-456B-823C-4ED258B2669E}
	EndGlobalSection
EndGlobal
